
Microsoft Visual Studio Solution File, Format Version 12.00
# Visual Studio Version 16
VisualStudioVersion = 16.0.34407.143
MinimumVisualStudioVersion = 10.0.40219.1
Project("{FAE04EC0-301F-11D3-BF4B-00C04F79EFBC}") = "BSLCustPortalWebAPI", "BSLCustPortalWebAPI\BSLCustPortalWebAPI.csproj", "{9D15B3E9-D884-4D1A-9437-B1B7732831ED}"
EndProject
Global
	GlobalSection(SolutionConfigurationPlatforms) = preSolution
		Debug|Any CPU = Debug|Any CPU
		Release|Any CPU = Release|Any CPU
	EndGlobalSection
	GlobalSection(ProjectConfigurationPlatforms) = postSolution
		{9D15B3E9-D884-4D1A-9437-B1B7732831ED}.Debug|Any CPU.ActiveCfg = Debug|Any CPU
		{9D15B3E9-D884-4D1A-9437-B1B7732831ED}.Debug|Any CPU.Build.0 = Debug|Any CPU
		{9D15B3E9-D884-4D1A-9437-B1B7732831ED}.Release|Any CPU.ActiveCfg = Release|Any CPU
		{9D15B3E9-D884-4D1A-9437-B1B7732831ED}.Release|Any CPU.Build.0 = Release|Any CPU
	EndGlobalSection
	GlobalSection(SolutionProperties) = preSolution
		HideSolutionNode = FALSE
	EndGlobalSection
	GlobalSection(ExtensibilityGlobals) = postSolution
		SolutionGuid = {EBFFF6E3-EC78-47F3-A6C8-AD11129E526C}
	EndGlobalSection
EndGlobal
